
Microsoft Visual Studio Solution File, Format Version 12.00
Project("{FAE04EC0-301F-11D3-BF4B-00C04F79EFBC}") = "EETMovie.Core", "EETMovie.Core\EETMovie.Core.csproj", "{21898A39-6333-4CB7-9BE6-1DE09ECCE9D5}"
EndProject
Project("{FAE04EC0-301F-11D3-BF4B-00C04F79EFBC}") = "EETMovie.API", "EETMovie.API\EETMovie.API.csproj", "{5D6529FC-171F-4E98-802C-67B9A688F272}"
EndProject
Global
	GlobalSection(SolutionConfigurationPlatforms) = preSolution
		Debug|Any CPU = Debug|Any CPU
		Release|Any CPU = Release|Any CPU
	EndGlobalSection
	GlobalSection(ProjectConfigurationPlatforms) = postSolution
		{21898A39-6333-4CB7-9BE6-1DE09ECCE9D5}.Debug|Any CPU.ActiveCfg = Debug|Any CPU
		{21898A39-6333-4CB7-9BE6-1DE09ECCE9D5}.Debug|Any CPU.Build.0 = Debug|Any CPU
		{21898A39-6333-4CB7-9BE6-1DE09ECCE9D5}.Release|Any CPU.ActiveCfg = Release|Any CPU
		{21898A39-6333-4CB7-9BE6-1DE09ECCE9D5}.Release|Any CPU.Build.0 = Release|Any CPU
		{5D6529FC-171F-4E98-802C-67B9A688F272}.Debug|Any CPU.ActiveCfg = Debug|Any CPU
		{5D6529FC-171F-4E98-802C-67B9A688F272}.Debug|Any CPU.Build.0 = Debug|Any CPU
		{5D6529FC-171F-4E98-802C-67B9A688F272}.Release|Any CPU.ActiveCfg = Release|Any CPU
		{5D6529FC-171F-4E98-802C-67B9A688F272}.Release|Any CPU.Build.0 = Release|Any CPU
	EndGlobalSection
EndGlobal
